
Microsoft Visual Studio Solution File, Format Version 12.00
# Visual Studio Version 17
VisualStudioVersion = 17.9.34622.214
MinimumVisualStudioVersion = 10.0.40219.1
Project("{FAE04EC0-301F-11D3-BF4B-00C04F79EFBC}") = "API", "API\API.csproj", "{FA589FEC-1987-4C1E-9E7C-63D6C3B884F6}"
EndProject
Project("{E53339B2-1760-4266-BCC7-CA923CBCF16C}") = "docker-compose", "docker-compose.dcproj", "{863EBAC3-2F96-4BB9-832F-3AB539B2ECC9}"
EndProject
Global
	GlobalSection(SolutionConfigurationPlatforms) = preSolution
		Debug|Any CPU = Debug|Any CPU
		Release|Any CPU = Release|Any CPU
	EndGlobalSection
	GlobalSection(ProjectConfigurationPlatforms) = postSolution
		{FA589FEC-1987-4C1E-9E7C-63D6C3B884F6}.Debug|Any CPU.ActiveCfg = Debug|Any CPU
		{FA589FEC-1987-4C1E-9E7C-63D6C3B884F6}.Debug|Any CPU.Build.0 = Debug|Any CPU
		{FA589FEC-1987-4C1E-9E7C-63D6C3B884F6}.Release|Any CPU.ActiveCfg = Release|Any CPU
		{FA589FEC-1987-4C1E-9E7C-63D6C3B884F6}.Release|Any CPU.Build.0 = Release|Any CPU
		{863EBAC3-2F96-4BB9-832F-3AB539B2ECC9}.Debug|Any CPU.ActiveCfg = Debug|Any CPU
		{863EBAC3-2F96-4BB9-832F-3AB539B2ECC9}.Debug|Any CPU.Build.0 = Debug|Any CPU
		{863EBAC3-2F96-4BB9-832F-3AB539B2ECC9}.Release|Any CPU.ActiveCfg = Release|Any CPU
		{863EBAC3-2F96-4BB9-832F-3AB539B2ECC9}.Release|Any CPU.Build.0 = Release|Any CPU
	EndGlobalSection
	GlobalSection(SolutionProperties) = preSolution
		HideSolutionNode = FALSE
	EndGlobalSection
	GlobalSection(ExtensibilityGlobals) = postSolution
		SolutionGuid = {A2A55E09-BB56-4DD8-B8F6-B46C0ADC34E6}
	EndGlobalSection
EndGlobal
